// !$*UTF8*$!
{
	archiveVersion = 1;
	classes = {
	};
	objectVersion = 50;
	objects = {

/* Begin PBXBuildFile section */
		8443BF3B267C95F9006DFB74 /* DetailViewController.swift in Sources */ = {isa = PBXBuildFile; fileRef = 8443BF3A267C95F9006DFB74 /* DetailViewController.swift */; };
		8443BF3F267C9649006DFB74 /* AcademiesViewController.swift in Sources */ = {isa = PBXBuildFile; fileRef = 8443BF3E267C9649006DFB74 /* AcademiesViewController.swift */; };
		8443BF42267C9661006DFB74 /* ChallengesViewController.swift in Sources */ = {isa = PBXBuildFile; fileRef = 8443BF41267C9661006DFB74 /* ChallengesViewController.swift */; };
		8443BF45267C96CC006DFB74 /* ProfileViewController.swift in Sources */ = {isa = PBXBuildFile; fileRef = 8443BF44267C96CC006DFB74 /* ProfileViewController.swift */; };
		84AE44E3267A492C0052182D /* AppDelegate.swift in Sources */ = {isa = PBXBuildFile; fileRef = 84AE44E2267A492C0052182D /* AppDelegate.swift */; };
		84AE44E5267A492C0052182D /* SceneDelegate.swift in Sources */ = {isa = PBXBuildFile; fileRef = 84AE44E4267A492C0052182D /* SceneDelegate.swift */; };
		84AE44E7267A492C0052182D /* ViewController.swift in Sources */ = {isa = PBXBuildFile; fileRef = 84AE44E6267A492C0052182D /* ViewController.swift */; };
		84AE44EA267A492C0052182D /* Main.storyboard in Resources */ = {isa = PBXBuildFile; fileRef = 84AE44E8267A492C0052182D /* Main.storyboard */; };
		84AE44EC267A49340052182D /* Assets.xcassets in Resources */ = {isa = PBXBuildFile; fileRef = 84AE44EB267A49340052182D /* Assets.xcassets */; };
		84AE44EF267A49340052182D /* LaunchScreen.storyboard in Resources */ = {isa = PBXBuildFile; fileRef = 84AE44ED267A49340052182D /* LaunchScreen.storyboard */; };
/* End PBXBuildFile section */

/* Begin PBXFileReference section */
		8443BF3A267C95F9006DFB74 /* DetailViewController.swift */ = {isa = PBXFileReference; lastKnownFileType = sourcecode.swift; path = DetailViewController.swift; sourceTree = "<group>"; };
		8443BF3E267C9649006DFB74 /* AcademiesViewController.swift */ = {isa = PBXFileReference; lastKnownFileType = sourcecode.swift; path = AcademiesViewController.swift; sourceTree = "<group>"; };
		8443BF41267C9661006DFB74 /* ChallengesViewController.swift */ = {isa = PBXFileReference; lastKnownFileType = sourcecode.swift; path = ChallengesViewController.swift; sourceTree = "<group>"; };
		8443BF44267C96CC006DFB74 /* ProfileViewController.swift */ = {isa = PBXFileReference; lastKnownFileType = sourcecode.swift; path = ProfileViewController.swift; sourceTree = "<group>"; };
		84AE44DF267A492C0052182D /* DicodingApps.app */ = {isa = PBXFileReference; explicitFileType = wrapper.application; includeInIndex = 0; path = DicodingApps.app; sourceTree = BUILT_PRODUCTS_DIR; };
		84AE44E2267A492C0052182D /* AppDelegate.swift */ = {isa = PBXFileReference; lastKnownFileType = sourcecode.swift; path = AppDelegate.swift; sourceTree = "<group>"; };
		84AE44E4267A492C0052182D /* SceneDelegate.swift */ = {isa = PBXFileReference; lastKnownFileType = sourcecode.swift; path = SceneDelegate.swift; sourceTree = "<group>"; };
		84AE44E6267A492C0052182D /* ViewController.swift */ = {isa = PBXFileReference; lastKnownFileType = sourcecode.swift; path = ViewController.swift; sourceTree = "<group>"; };
		84AE44E9267A492C0052182D /* Base */ = {isa = PBXFileReference; lastKnownFileType = file.storyboard; name = Base; path = Base.lproj/Main.storyboard; sourceTree = "<group>"; };
		84AE44EB267A49340052182D /* Assets.xcassets */ = {isa = PBXFileReference; lastKnownFileType = folder.assetcatalog; path = Assets.xcassets; sourceTree = "<group>"; };
		84AE44EE267A49340052182D /* Base */ = {isa = PBXFileReference; lastKnownFileType = file.storyboard; name = Base; path = Base.lproj/LaunchScreen.storyboard; sourceTree = "<group>"; };
		84AE44F0267A49340052182D /* Info.plist */ = {isa = PBXFileReference; lastKnownFileType = text.plist.xml; path = Info.plist; sourceTree = "<group>"; };
/* End PBXFileReference section */

/* Begin PBXFrameworksBuildPhase section */
		84AE44DC267A492C0052182D /* Frameworks */ = {
			isa = PBXFrameworksBuildPhase;
			buildActionMask = 2147483647;
			files = (
			);
			runOnlyForDeploymentPostprocessing = 0;
		};
/* End PBXFrameworksBuildPhase section */

/* Begin PBXGroup section */
		8443BF3D267C961F006DFB74 /* Controllers */ = {
			isa = PBXGroup;
			children = (
				84AE44E6267A492C0052182D /* ViewController.swift */,
				8443BF3A267C95F9006DFB74 /* DetailViewController.swift */,
				8443BF3E267C9649006DFB74 /* AcademiesViewController.swift */,
				8443BF41267C9661006DFB74 /* ChallengesViewController.swift */,
				8443BF44267C96CC006DFB74 /* ProfileViewController.swift */,
			);
			path = Controllers;
			sourceTree = "<group>";
		};
		84AE44D6267A492C0052182D = {
			isa = PBXGroup;
			children = (
				84AE44E1267A492C0052182D /* DicodingApps */,
				84AE44E0267A492C0052182D /* Products */,
			);
			sourceTree = "<group>";
		};
		84AE44E0267A492C0052182D /* Products */ = {
			isa = PBXGroup;
			children = (
				84AE44DF267A492C0052182D /* DicodingApps.app */,
			);
			name = Products;
			sourceTree = "<group>";
		};
		84AE44E1267A492C0052182D /* DicodingApps */ = {
			isa = PBXGroup;
			children = (
				8443BF3D267C961F006DFB74 /* Controllers */,
				84AE44E2267A492C0052182D /* AppDelegate.swift */,
				84AE44E4267A492C0052182D /* SceneDelegate.swift */,
				84AE44E8267A492C0052182D /* Main.storyboard */,
				84AE44EB267A49340052182D /* Assets.xcassets */,
				84AE44ED267A49340052182D /* LaunchScreen.storyboard */,
				84AE44F0267A49340052182D /* Info.plist */,
			);
			path = DicodingApps;
			sourceTree = "<group>";
		};
/* End PBXGroup section */

/* Begin PBXNativeTarget section */
		84AE44DE267A492C0052182D /* DicodingApps */ = {
			isa = PBXNativeTarget;
			buildConfigurationList = 84AE44F3267A49340052182D /* Build configuration list for PBXNativeTarget "DicodingApps" */;
			buildPhases = (
				84AE44DB267A492C0052182D /* Sources */,
				84AE44DC267A492C0052182D /* Frameworks */,
				84AE44DD267A492C0052182D /* Resources */,
			);
			buildRules = (
			);
			dependencies = (
			);
			name = DicodingApps;
			productName = DicodingApps;
			productReference = 84AE44DF267A492C0052182D /* DicodingApps.app */;
			productType = "com.apple.product-type.application";
		};
/* End PBXNativeTarget section */

/* Begin PBXProject section */
		84AE44D7267A492C0052182D /* Project object */ = {
			isa = PBXProject;
			attributes = {
				LastSwiftUpdateCheck = 1240;
				LastUpgradeCheck = 1240;
				TargetAttributes = {
					84AE44DE267A492C0052182D = {
						CreatedOnToolsVersion = 12.4;
					};
				};
			};
			buildConfigurationList = 84AE44DA267A492C0052182D /* Build configuration list for PBXProject "DicodingApps" */;
			compatibilityVersion = "Xcode 9.3";
			developmentRegion = en;
			hasScannedForEncodings = 0;
			knownRegions = (
				en,
				Base,
			);
			mainGroup = 84AE44D6267A492C0052182D;
			productRefGroup = 84AE44E0267A492C0052182D /* Products */;
			projectDirPath = "";
			projectRoot = "";
			targets = (
				84AE44DE267A492C0052182D /* DicodingApps */,
			);
		};
/* End PBXProject section */

/* Begin PBXResourcesBuildPhase section */
		84AE44DD267A492C0052182D /* Resources */ = {
			isa = PBXResourcesBuildPhase;
			buildActionMask = 2147483647;
			files = (
				84AE44EF267A49340052182D /* LaunchScreen.storyboard in Resources */,
				84AE44EC267A49340052182D /* Assets.xcassets in Resources */,
				84AE44EA267A492C0052182D /* Main.storyboard in Resources */,
			);
			runOnlyForDeploymentPostprocessing = 0;
		};
/* End PBXResourcesBuildPhase section */

/* Begin PBXSourcesBuildPhase section */
		84AE44DB267A492C0052182D /* Sources */ = {
			isa = PBXSourcesBuildPhase;
			buildActionMask = 2147483647;
			files = (
				84AE44E7267A492C0052182D /* ViewController.swift in Sources */,
				84AE44E3267A492C0052182D /* AppDelegate.swift in Sources */,
				8443BF3F267C9649006DFB74 /* AcademiesViewController.swift in Sources */,
				84AE44E5267A492C0052182D /* SceneDelegate.swift in Sources */,
				8443BF45267C96CC006DFB74 /* ProfileViewController.swift in Sources */,
				8443BF42267C9661006DFB74 /* ChallengesViewController.swift in Sources */,
				8443BF3B267C95F9006DFB74 /* DetailViewController.swift in Sources */,
			);
			runOnlyForDeploymentPostprocessing = 0;
		};
/* End PBXSourcesBuildPhase section */

/* Begin PBXVariantGroup section */
		84AE44E8267A492C0052182D /* Main.storyboard */ = {
			isa = PBXVariantGroup;
			children = (
				84AE44E9267A492C0052182D /* Base */,
			);
			name = Main.storyboard;
			sourceTree = "<group>";
		};
		84AE44ED267A49340052182D /* LaunchScreen.storyboard */ = {
			isa = PBXVariantGroup;
			children = (
				84AE44EE267A49340052182D /* Base */,
			);
			name = LaunchScreen.storyboard;
			sourceTree = "<group>";
		};
/* End PBXVariantGroup section */

/* Begin XCBuildConfiguration section */
		84AE44F1267A49340052182D /* Debug */ = {
			isa = XCBuildConfiguration;
			buildSettings = {
				ALWAYS_SEARCH_USER_PATHS = NO;
				CLANG_ANALYZER_NONNULL = YES;
				CLANG_ANALYZER_NUMBER_OBJECT_CONVERSION = YES_AGGRESSIVE;
				CLANG_CXX_LANGUAGE_STANDARD = "gnu++14";
				CLANG_CXX_LIBRARY = "libc++";
				CLANG_ENABLE_MODULES = YES;
				CLANG_ENABLE_OBJC_ARC = YES;
				CLANG_ENABLE_OBJC_WEAK = YES;
				CLANG_WARN_BLOCK_CAPTURE_AUTORELEASING = YES;
				CLANG_WARN_BOOL_CONVERSION = YES;
				CLANG_WARN_COMMA = YES;
				CLANG_WARN_CONSTANT_CONVERSION = YES;
				CLANG_WARN_DEPRECATED_OBJC_IMPLEMENTATIONS = YES;
				CLANG_WARN_DIRECT_OBJC_ISA_USAGE = YES_ERROR;
				CLANG_WARN_DOCUMENTATION_COMMENTS = YES;
				CLANG_WARN_EMPTY_BODY = YES;
				CLANG_WARN_ENUM_CONVERSION = YES;
				CLANG_WARN_INFINITE_RECURSION = YES;
				CLANG_WARN_INT_CONVERSION = YES;
				CLANG_WARN_NON_LITERAL_NULL_CONVERSION = YES;
				CLANG_WARN_OBJC_IMPLICIT_RETAIN_SELF = YES;
				CLANG_WARN_OBJC_LITERAL_CONVERSION = YES;
				CLANG_WARN_OBJC_ROOT_CLASS = YES_ERROR;
				CLANG_WARN_QUOTED_INCLUDE_IN_FRAMEWORK_HEADER = YES;
				CLANG_WARN_RANGE_LOOP_ANALYSIS = YES;
				CLANG_WARN_STRICT_PROTOTYPES = YES;
				CLANG_WARN_SUSPICIOUS_MOVE = YES;
				CLANG_WARN_UNGUARDED_AVAILABILITY = YES_AGGRESSIVE;
				CLANG_WARN_UNREACHABLE_CODE = YES;
				CLANG_WARN__DUPLICATE_METHOD_MATCH = YES;
				COPY_PHASE_STRIP = NO;
				DEBUG_INFORMATION_FORMAT = dwarf;
				ENABLE_STRICT_OBJC_MSGSEND = YES;
				ENABLE_TESTABILITY = YES;
				GCC_C_LANGUAGE_STANDARD = gnu11;
				GCC_DYNAMIC_NO_PIC = NO;
				GCC_NO_COMMON_BLOCKS = YES;
				GCC_OPTIMIZATION_LEVEL = 0;
				GCC_PREPROCESSOR_DEFINITIONS = (
					"DEBUG=1",
					"$(inherited)",
				);
				GCC_WARN_64_TO_32_BIT_CONVERSION = YES;
				GCC_WARN_ABOUT_RETURN_TYPE = YES_ERROR;
				GCC_WARN_UNDECLARED_SELECTOR = YES;
				GCC_WARN_UNINITIALIZED_AUTOS = YES_AGGRESSIVE;
				GCC_WARN_UNUSED_FUNCTION = YES;
				GCC_WARN_UNUSED_VARIABLE = YES;
				IPHONEOS_DEPLOYMENT_TARGET = 14.4;
				MTL_ENABLE_DEBUG_INFO = INCLUDE_SOURCE;
				MTL_FAST_MATH = YES;
				ONLY_ACTIVE_ARCH = YES;
				SDKROOT = iphoneos;
				SWIFT_ACTIVE_COMPILATION_CONDITIONS = DEBUG;
				SWIFT_OPTIMIZATION_LEVEL = "-Onone";
			};
			name = Debug;
		};
		84AE44F2267A49340052182D /* Release */ = {
			isa = XCBuildConfiguration;
			buildSettings = {
				ALWAYS_SEARCH_USER_PATHS = NO;
				CLANG_ANALYZER_NONNULL = YES;
				CLANG_ANALYZER_NUMBER_OBJECT_CONVERSION = YES_AGGRESSIVE;
				CLANG_CXX_LANGUAGE_STANDARD = "gnu++14";
				CLANG_CXX_LIBRARY = "libc++";
				CLANG_ENABLE_MODULES = YES;
				CLANG_ENABLE_OBJC_ARC = YES;
				CLANG_ENABLE_OBJC_WEAK = YES;
				CLANG_WARN_BLOCK_CAPTURE_AUTORELEASING = YES;
				CLANG_WARN_BOOL_CONVERSION = YES;
				CLANG_WARN_COMMA = YES;
				CLANG_WARN_CONSTANT_CONVERSION = YES;
				CLANG_WARN_DEPRECATED_OBJC_IMPLEMENTATIONS = YES;
				CLANG_WARN_DIRECT_OBJC_ISA_USAGE = YES_ERROR;
				CLANG_WARN_DOCUMENTATION_COMMENTS = YES;
				CLANG_WARN_EMPTY_BODY = YES;
				CLANG_WARN_ENUM_CONVERSION = YES;
				CLANG_WARN_INFINITE_RECURSION = YES;
				CLANG_WARN_INT_CONVERSION = YES;
				CLANG_WARN_NON_LITERAL_NULL_CONVERSION = YES;
				CLANG_WARN_OBJC_IMPLICIT_RETAIN_SELF = YES;
				CLANG_WARN_OBJC_LITERAL_CONVERSION = YES;
				CLANG_WARN_OBJC_ROOT_CLASS = YES_ERROR;
				CLANG_WARN_QUOTED_INCLUDE_IN_FRAMEWORK_HEADER = YES;
				CLANG_WARN_RANGE_LOOP_ANALYSIS = YES;
				CLANG_WARN_STRICT_PROTOTYPES = YES;
				CLANG_WARN_SUSPICIOUS_MOVE = YES;
				CLANG_WARN_UNGUARDED_AVAILABILITY = YES_AGGRESSIVE;
				CLANG_WARN_UNREACHABLE_CODE = YES;
				CLANG_WARN__DUPLICATE_METHOD_MATCH = YES;
				COPY_PHASE_STRIP = NO;
				DEBUG_INFORMATION_FORMAT = "dwarf-with-dsym";
				ENABLE_NS_ASSERTIONS = NO;
				ENABLE_STRICT_OBJC_MSGSEND = YES;
				GCC_C_LANGUAGE_STANDARD = gnu11;
				GCC_NO_COMMON_BLOCKS = YES;
				GCC_WARN_64_TO_32_BIT_CONVERSION = YES;
				GCC_WARN_ABOUT_RETURN_TYPE = YES_ERROR;
				GCC_WARN_UNDECLARED_SELECTOR = YES;
				GCC_WARN_UNINITIALIZED_AUTOS = YES_AGGRESSIVE;
				GCC_WARN_UNUSED_FUNCTION = YES;
				GCC_WARN_UNUSED_VARIABLE = YES;
				IPHONEOS_DEPLOYMENT_TARGET = 14.4;
				MTL_ENABLE_DEBUG_INFO = NO;
				MTL_FAST_MATH = YES;
				SDKROOT = iphoneos;
				SWIFT_COMPILATION_MODE = wholemodule;
				SWIFT_OPTIMIZATION_LEVEL = "-O";
				VALIDATE_PRODUCT = YES;
			};
			name = Release;
		};
		84AE44F4267A49340052182D /* Debug */ = {
			isa = XCBuildConfiguration;
			buildSettings = {
				ASSETCATALOG_COMPILER_APPICON_NAME = AppIcon;
				ASSETCATALOG_COMPILER_GLOBAL_ACCENT_COLOR_NAME = AccentColor;
				CODE_SIGN_STYLE = Automatic;
				INFOPLIST_FILE = DicodingApps/Info.plist;
				LD_RUNPATH_SEARCH_PATHS = (
					"$(inherited)",
					"@executable_path/Frameworks",
				);
				PRODUCT_BUNDLE_IDENTIFIER = com.dicoding.academy.DicodingApps;
				PRODUCT_NAME = "$(TARGET_NAME)";
				SWIFT_VERSION = 5.0;
				TARGETED_DEVICE_FAMILY = "1,2";
			};
			name = Debug;
		};
		84AE44F5267A49340052182D /* Release */ = {
			isa = XCBuildConfiguration;
			buildSettings = {
				ASSETCATALOG_COMPILER_APPICON_NAME = AppIcon;
				ASSETCATALOG_COMPILER_GLOBAL_ACCENT_COLOR_NAME = AccentColor;
				CODE_SIGN_STYLE = Automatic;
				INFOPLIST_FILE = DicodingApps/Info.plist;
				LD_RUNPATH_SEARCH_PATHS = (
					"$(inherited)",
					"@executable_path/Frameworks",
				);
				PRODUCT_BUNDLE_IDENTIFIER = com.dicoding.academy.DicodingApps;
				PRODUCT_NAME = "$(TARGET_NAME)";
				SWIFT_VERSION = 5.0;
				TARGETED_DEVICE_FAMILY = "1,2";
			};
			name = Release;
		};
/* End XCBuildConfiguration section */

/* Begin XCConfigurationList section */
		84AE44DA267A492C0052182D /* Build configuration list for PBXProject "DicodingApps" */ = {
			isa = XCConfigurationList;
			buildConfigurations = (
				84AE44F1267A49340052182D /* Debug */,
				84AE44F2267A49340052182D /* Release */,
			);
			defaultConfigurationIsVisible = 0;
			defaultConfigurationName = Release;
		};
		84AE44F3267A49340052182D /* Build configuration list for PBXNativeTarget "DicodingApps" */ = {
			isa = XCConfigurationList;
			buildConfigurations = (
				84AE44F4267A49340052182D /* Debug */,
				84AE44F5267A49340052182D /* Release */,
			);
			defaultConfigurationIsVisible = 0;
			defaultConfigurationName = Release;
		};
/* End XCConfigurationList section */
	};
	rootObject = 84AE44D7267A492C0052182D /* Project object */;
}
